// !$*UTF8*$!
{
	archiveVersion = 1;
	classes = {
	};
	objectVersion = 56;
	objects = {

/* Begin PBXBuildFile section */
		100493C42B6928C8006AF4E0 /* Token.swift in Sources */ = {isa = PBXBuildFile; fileRef = 100493C32B6928C8006AF4E0 /* Token.swift */; };
		100B52AC2B4D757E00B97941 /* HomeView.swift in Sources */ = {isa = PBXBuildFile; fileRef = 100B52AB2B4D757E00B97941 /* HomeView.swift */; };
		100B52AF2B4D761300B97941 /* TabItem.swift in Sources */ = {isa = PBXBuildFile; fileRef = 100B52AE2B4D761300B97941 /* TabItem.swift */; };
		100B52B12B4D788400B97941 /* SettingsSheet.swift in Sources */ = {isa = PBXBuildFile; fileRef = 100B52B02B4D788400B97941 /* SettingsSheet.swift */; };
		100B52B32B4D788E00B97941 /* BoardView.swift in Sources */ = {isa = PBXBuildFile; fileRef = 100B52B22B4D788E00B97941 /* BoardView.swift */; };
		100B52B52B4D793B00B97941 /* FirstView.swift in Sources */ = {isa = PBXBuildFile; fileRef = 100B52B42B4D793B00B97941 /* FirstView.swift */; };
		1019E1EB2B6A9B3F00DF6C0A /* WrapperQuizView.swift in Sources */ = {isa = PBXBuildFile; fileRef = 1019E1EA2B6A9B3F00DF6C0A /* WrapperQuizView.swift */; };
		101B577B2B5FE31B0068E23C /* QuizView.swift in Sources */ = {isa = PBXBuildFile; fileRef = 101B577A2B5FE31B0068E23C /* QuizView.swift */; };
		101B577D2B5FE7400068E23C /* ProgressBar.swift in Sources */ = {isa = PBXBuildFile; fileRef = 101B577C2B5FE7400068E23C /* ProgressBar.swift */; };
		101EC4B32B613EA000AAE1FD /* Question.swift in Sources */ = {isa = PBXBuildFile; fileRef = 101EC4B22B613EA000AAE1FD /* Question.swift */; };
		101EC4B52B6149B700AAE1FD /* AnswerButtonRight.swift in Sources */ = {isa = PBXBuildFile; fileRef = 101EC4B42B6149B700AAE1FD /* AnswerButtonRight.swift */; };
		101EC4B72B61525100AAE1FD /* AnswerButton.swift in Sources */ = {isa = PBXBuildFile; fileRef = 101EC4B62B61525100AAE1FD /* AnswerButton.swift */; };
		10298BBC2B46E49900AD2174 /* QuizApp.swift in Sources */ = {isa = PBXBuildFile; fileRef = 10298BBB2B46E49900AD2174 /* QuizApp.swift */; };
		10298BBE2B46E49900AD2174 /* ContentView.swift in Sources */ = {isa = PBXBuildFile; fileRef = 10298BBD2B46E49900AD2174 /* ContentView.swift */; };
		10298BC02B46E49A00AD2174 /* Assets.xcassets in Resources */ = {isa = PBXBuildFile; fileRef = 10298BBF2B46E49A00AD2174 /* Assets.xcassets */; };
		10298BC32B46E49A00AD2174 /* Preview Assets.xcassets in Resources */ = {isa = PBXBuildFile; fileRef = 10298BC22B46E49A00AD2174 /* Preview Assets.xcassets */; };
		10298BCD2B46E49A00AD2174 /* QuizAppTests.swift in Sources */ = {isa = PBXBuildFile; fileRef = 10298BCC2B46E49A00AD2174 /* QuizAppTests.swift */; };
		10298BD72B46E49A00AD2174 /* QuizAppUITests.swift in Sources */ = {isa = PBXBuildFile; fileRef = 10298BD62B46E49A00AD2174 /* QuizAppUITests.swift */; };
		10298BD92B46E49A00AD2174 /* QuizAppUITestsLaunchTests.swift in Sources */ = {isa = PBXBuildFile; fileRef = 10298BD82B46E49A00AD2174 /* QuizAppUITestsLaunchTests.swift */; };
		102F09AC2B62A1AB00FE647D /* QuestionListViewModel.swift in Sources */ = {isa = PBXBuildFile; fileRef = 102F09AB2B62A1AB00FE647D /* QuestionListViewModel.swift */; };
		102F09B22B62A65200FE647D /* ResultView.swift in Sources */ = {isa = PBXBuildFile; fileRef = 102F09B12B62A65200FE647D /* ResultView.swift */; };
		102F09B42B62A7D600FE647D /* CircleProgressbar.swift in Sources */ = {isa = PBXBuildFile; fileRef = 102F09B32B62A7D600FE647D /* CircleProgressbar.swift */; };
		103A23A52B7112F100ED9725 /* GameEditView.swift in Sources */ = {isa = PBXBuildFile; fileRef = 103A23A42B7112F100ED9725 /* GameEditView.swift */; };
		1049B73E2B7A525400888536 /* UserViewModel.swift in Sources */ = {isa = PBXBuildFile; fileRef = 1049B73D2B7A525400888536 /* UserViewModel.swift */; };
		1049B7432B7A579E00888536 /* FirebaseAnalytics in Frameworks */ = {isa = PBXBuildFile; productRef = 1049B7422B7A579E00888536 /* FirebaseAnalytics */; };
		1049B7452B7A579E00888536 /* FirebaseAnalyticsOnDeviceConversion in Frameworks */ = {isa = PBXBuildFile; productRef = 1049B7442B7A579E00888536 /* FirebaseAnalyticsOnDeviceConversion */; };
		1049B7472B7A579E00888536 /* FirebaseAnalyticsSwift in Frameworks */ = {isa = PBXBuildFile; productRef = 1049B7462B7A579E00888536 /* FirebaseAnalyticsSwift */; };
		1049B7492B7A579E00888536 /* FirebaseAnalyticsWithoutAdIdSupport in Frameworks */ = {isa = PBXBuildFile; productRef = 1049B7482B7A579E00888536 /* FirebaseAnalyticsWithoutAdIdSupport */; };
		1049B74B2B7A579E00888536 /* FirebaseAppCheck in Frameworks */ = {isa = PBXBuildFile; productRef = 1049B74A2B7A579E00888536 /* FirebaseAppCheck */; };
		1049B74D2B7A579E00888536 /* FirebaseAppDistribution-Beta in Frameworks */ = {isa = PBXBuildFile; productRef = 1049B74C2B7A579E00888536 /* FirebaseAppDistribution-Beta */; };
		1049B74F2B7A579E00888536 /* FirebaseAuth in Frameworks */ = {isa = PBXBuildFile; productRef = 1049B74E2B7A579E00888536 /* FirebaseAuth */; };
		1049B7512B7A579E00888536 /* FirebaseAuthCombine-Community in Frameworks */ = {isa = PBXBuildFile; productRef = 1049B7502B7A579E00888536 /* FirebaseAuthCombine-Community */; };
		1049B7532B7A579E00888536 /* FirebaseCrashlytics in Frameworks */ = {isa = PBXBuildFile; productRef = 1049B7522B7A579E00888536 /* FirebaseCrashlytics */; };
		1049B7552B7A579E00888536 /* FirebaseDatabase in Frameworks */ = {isa = PBXBuildFile; productRef = 1049B7542B7A579E00888536 /* FirebaseDatabase */; };
		1049B7572B7A579E00888536 /* FirebaseDatabaseSwift in Frameworks */ = {isa = PBXBuildFile; productRef = 1049B7562B7A579E00888536 /* FirebaseDatabaseSwift */; };
		1049B7592B7A579E00888536 /* FirebaseDynamicLinks in Frameworks */ = {isa = PBXBuildFile; productRef = 1049B7582B7A579E00888536 /* FirebaseDynamicLinks */; };
		1049B75B2B7A579E00888536 /* FirebaseFirestore in Frameworks */ = {isa = PBXBuildFile; productRef = 1049B75A2B7A579E00888536 /* FirebaseFirestore */; };
		1049B75D2B7A579E00888536 /* FirebaseFirestoreCombine-Community in Frameworks */ = {isa = PBXBuildFile; productRef = 1049B75C2B7A579E00888536 /* FirebaseFirestoreCombine-Community */; };
		1049B75F2B7A579E00888536 /* FirebaseFirestoreSwift in Frameworks */ = {isa = PBXBuildFile; productRef = 1049B75E2B7A579E00888536 /* FirebaseFirestoreSwift */; };
		1049B7612B7A579E00888536 /* FirebaseFunctions in Frameworks */ = {isa = PBXBuildFile; productRef = 1049B7602B7A579E00888536 /* FirebaseFunctions */; };
		1049B7632B7A579E00888536 /* FirebaseFunctionsCombine-Community in Frameworks */ = {isa = PBXBuildFile; productRef = 1049B7622B7A579E00888536 /* FirebaseFunctionsCombine-Community */; };
		1049B7652B7A579E00888536 /* FirebaseInAppMessaging-Beta in Frameworks */ = {isa = PBXBuildFile; productRef = 1049B7642B7A579E00888536 /* FirebaseInAppMessaging-Beta */; };
		1049B7672B7A579E00888536 /* FirebaseInAppMessagingSwift-Beta in Frameworks */ = {isa = PBXBuildFile; productRef = 1049B7662B7A579E00888536 /* FirebaseInAppMessagingSwift-Beta */; };
		1049B7692B7A579E00888536 /* FirebaseInstallations in Frameworks */ = {isa = PBXBuildFile; productRef = 1049B7682B7A579E00888536 /* FirebaseInstallations */; };
		1049B76B2B7A579E00888536 /* FirebaseMLModelDownloader in Frameworks */ = {isa = PBXBuildFile; productRef = 1049B76A2B7A579E00888536 /* FirebaseMLModelDownloader */; };
		1049B76D2B7A579E00888536 /* FirebaseMessaging in Frameworks */ = {isa = PBXBuildFile; productRef = 1049B76C2B7A579E00888536 /* FirebaseMessaging */; };
		1049B76F2B7A579E00888536 /* FirebasePerformance in Frameworks */ = {isa = PBXBuildFile; productRef = 1049B76E2B7A579E00888536 /* FirebasePerformance */; };
		1049B7712B7A579E00888536 /* FirebaseRemoteConfig in Frameworks */ = {isa = PBXBuildFile; productRef = 1049B7702B7A579E00888536 /* FirebaseRemoteConfig */; };
		1049B7732B7A579E00888536 /* FirebaseRemoteConfigSwift in Frameworks */ = {isa = PBXBuildFile; productRef = 1049B7722B7A579E00888536 /* FirebaseRemoteConfigSwift */; };
		1049B7752B7A579E00888536 /* FirebaseStorage in Frameworks */ = {isa = PBXBuildFile; productRef = 1049B7742B7A579E00888536 /* FirebaseStorage */; };
		1049B7772B7A579E00888536 /* FirebaseStorageCombine-Community in Frameworks */ = {isa = PBXBuildFile; productRef = 1049B7762B7A579E00888536 /* FirebaseStorageCombine-Community */; };
		1049B77B2B7A591F00888536 /* AuthentificationMode.swift in Sources */ = {isa = PBXBuildFile; fileRef = 1049B77A2B7A591F00888536 /* AuthentificationMode.swift */; };
		1049B77E2B7A5AEA00888536 /* PrimaryButton.swift in Sources */ = {isa = PBXBuildFile; fileRef = 1049B77D2B7A5AEA00888536 /* PrimaryButton.swift */; };
		1049B7802B7A5B8D00888536 /* TextButton.swift in Sources */ = {isa = PBXBuildFile; fileRef = 1049B77F2B7A5B8D00888536 /* TextButton.swift */; };
		104FEC632B7B6A7C001D9B2C /* FireUser.swift in Sources */ = {isa = PBXBuildFile; fileRef = 104FEC622B7B6A7C001D9B2C /* FireUser.swift */; };
		104FEC662B7B6AD4001D9B2C /* FirebaseManager.swift in Sources */ = {isa = PBXBuildFile; fileRef = 104FEC652B7B6AD4001D9B2C /* FirebaseManager.swift */; };
		104FEC682B7B73C1001D9B2C /* GoogleService-Info.plist in Resources */ = {isa = PBXBuildFile; fileRef = 104FEC672B7B73C1001D9B2C /* GoogleService-Info.plist */; };
		105F93B32B4C39C000C7C0E6 /* SignInView.swift in Sources */ = {isa = PBXBuildFile; fileRef = 105F93B22B4C39C000C7C0E6 /* SignInView.swift */; };
		105F93B52B4C41DB00C7C0E6 /* SignUpView.swift in Sources */ = {isa = PBXBuildFile; fileRef = 105F93B42B4C41DB00C7C0E6 /* SignUpView.swift */; };
		10B130E72B556526005E587B /* Enums.swift in Sources */ = {isa = PBXBuildFile; fileRef = 10B130E62B556526005E587B /* Enums.swift */; };
		10B130E92B557458005E587B /* CategoryViewModel.swift in Sources */ = {isa = PBXBuildFile; fileRef = 10B130E82B557458005E587B /* CategoryViewModel.swift */; };
		10CAA4362B4EC4BB00295A31 /* CategoryCardView.swift in Sources */ = {isa = PBXBuildFile; fileRef = 10CAA4352B4EC4BB00295A31 /* CategoryCardView.swift */; };
		10CAA4382B4EC86800295A31 /* CategoryListViewModel.swift in Sources */ = {isa = PBXBuildFile; fileRef = 10CAA4372B4EC86800295A31 /* CategoryListViewModel.swift */; };
		10CAA43A2B4EC8CF00295A31 /* Category.swift in Sources */ = {isa = PBXBuildFile; fileRef = 10CAA4392B4EC8CF00295A31 /* Category.swift */; };
		10DF8C4A2B7E14D400D15A8E /* SettingView.swift in Sources */ = {isa = PBXBuildFile; fileRef = 10DF8C492B7E14D400D15A8E /* SettingView.swift */; };
/* End PBXBuildFile section */

/* Begin PBXContainerItemProxy section */
		10298BC92B46E49A00AD2174 /* PBXContainerItemProxy */ = {
			isa = PBXContainerItemProxy;
			containerPortal = 10298BB02B46E49900AD2174 /* Project object */;
			proxyType = 1;
			remoteGlobalIDString = 10298BB72B46E49900AD2174;
			remoteInfo = QuizApp;
		};
		10298BD32B46E49A00AD2174 /* PBXContainerItemProxy */ = {
			isa = PBXContainerItemProxy;
			containerPortal = 10298BB02B46E49900AD2174 /* Project object */;
			proxyType = 1;
			remoteGlobalIDString = 10298BB72B46E49900AD2174;
			remoteInfo = QuizApp;
		};
/* End PBXContainerItemProxy section */

/* Begin PBXFileReference section */
		100493C32B6928C8006AF4E0 /* Token.swift */ = {isa = PBXFileReference; lastKnownFileType = sourcecode.swift; path = Token.swift; sourceTree = "<group>"; };
		100B52AB2B4D757E00B97941 /* HomeView.swift */ = {isa = PBXFileReference; lastKnownFileType = sourcecode.swift; path = HomeView.swift; sourceTree = "<group>"; };
		100B52AE2B4D761300B97941 /* TabItem.swift */ = {isa = PBXFileReference; lastKnownFileType = sourcecode.swift; path = TabItem.swift; sourceTree = "<group>"; };
		100B52B02B4D788400B97941 /* SettingsSheet.swift */ = {isa = PBXFileReference; lastKnownFileType = sourcecode.swift; path = SettingsSheet.swift; sourceTree = "<group>"; };
		100B52B22B4D788E00B97941 /* BoardView.swift */ = {isa = PBXFileReference; lastKnownFileType = sourcecode.swift; path = BoardView.swift; sourceTree = "<group>"; };
		100B52B42B4D793B00B97941 /* FirstView.swift */ = {isa = PBXFileReference; lastKnownFileType = sourcecode.swift; path = FirstView.swift; sourceTree = "<group>"; };
		1019E1EA2B6A9B3F00DF6C0A /* WrapperQuizView.swift */ = {isa = PBXFileReference; lastKnownFileType = sourcecode.swift; path = WrapperQuizView.swift; sourceTree = "<group>"; };
		101B577A2B5FE31B0068E23C /* QuizView.swift */ = {isa = PBXFileReference; lastKnownFileType = sourcecode.swift; path = QuizView.swift; sourceTree = "<group>"; };
		101B577C2B5FE7400068E23C /* ProgressBar.swift */ = {isa = PBXFileReference; lastKnownFileType = sourcecode.swift; path = ProgressBar.swift; sourceTree = "<group>"; };
		101EC4B22B613EA000AAE1FD /* Question.swift */ = {isa = PBXFileReference; lastKnownFileType = sourcecode.swift; path = Question.swift; sourceTree = "<group>"; };
		101EC4B42B6149B700AAE1FD /* AnswerButtonRight.swift */ = {isa = PBXFileReference; lastKnownFileType = sourcecode.swift; path = AnswerButtonRight.swift; sourceTree = "<group>"; };
		101EC4B62B61525100AAE1FD /* AnswerButton.swift */ = {isa = PBXFileReference; lastKnownFileType = sourcecode.swift; path = AnswerButton.swift; sourceTree = "<group>"; };
		10298BB82B46E49900AD2174 /* QuizApp.app */ = {isa = PBXFileReference; explicitFileType = wrapper.application; includeInIndex = 0; path = QuizApp.app; sourceTree = BUILT_PRODUCTS_DIR; };
		10298BBB2B46E49900AD2174 /* QuizApp.swift */ = {isa = PBXFileReference; lastKnownFileType = sourcecode.swift; path = QuizApp.swift; sourceTree = "<group>"; };
		10298BBD2B46E49900AD2174 /* ContentView.swift */ = {isa = PBXFileReference; lastKnownFileType = sourcecode.swift; path = ContentView.swift; sourceTree = "<group>"; };
		10298BBF2B46E49A00AD2174 /* Assets.xcassets */ = {isa = PBXFileReference; lastKnownFileType = folder.assetcatalog; path = Assets.xcassets; sourceTree = "<group>"; };
		10298BC22B46E49A00AD2174 /* Preview Assets.xcassets */ = {isa = PBXFileReference; lastKnownFileType = folder.assetcatalog; path = "Preview Assets.xcassets"; sourceTree = "<group>"; };
		10298BC82B46E49A00AD2174 /* QuizAppTests.xctest */ = {isa = PBXFileReference; explicitFileType = wrapper.cfbundle; includeInIndex = 0; path = QuizAppTests.xctest; sourceTree = BUILT_PRODUCTS_DIR; };
		10298BCC2B46E49A00AD2174 /* QuizAppTests.swift */ = {isa = PBXFileReference; lastKnownFileType = sourcecode.swift; path = QuizAppTests.swift; sourceTree = "<group>"; };
		10298BD22B46E49A00AD2174 /* QuizAppUITests.xctest */ = {isa = PBXFileReference; explicitFileType = wrapper.cfbundle; includeInIndex = 0; path = QuizAppUITests.xctest; sourceTree = BUILT_PRODUCTS_DIR; };
		10298BD62B46E49A00AD2174 /* QuizAppUITests.swift */ = {isa = PBXFileReference; lastKnownFileType = sourcecode.swift; path = QuizAppUITests.swift; sourceTree = "<group>"; };
		10298BD82B46E49A00AD2174 /* QuizAppUITestsLaunchTests.swift */ = {isa = PBXFileReference; lastKnownFileType = sourcecode.swift; path = QuizAppUITestsLaunchTests.swift; sourceTree = "<group>"; };
		102F09AB2B62A1AB00FE647D /* QuestionListViewModel.swift */ = {isa = PBXFileReference; lastKnownFileType = sourcecode.swift; path = QuestionListViewModel.swift; sourceTree = "<group>"; };
		102F09B12B62A65200FE647D /* ResultView.swift */ = {isa = PBXFileReference; lastKnownFileType = sourcecode.swift; path = ResultView.swift; sourceTree = "<group>"; };
		102F09B32B62A7D600FE647D /* CircleProgressbar.swift */ = {isa = PBXFileReference; lastKnownFileType = sourcecode.swift; path = CircleProgressbar.swift; sourceTree = "<group>"; };
		103A23A42B7112F100ED9725 /* GameEditView.swift */ = {isa = PBXFileReference; lastKnownFileType = sourcecode.swift; path = GameEditView.swift; sourceTree = "<group>"; };
		1049B73D2B7A525400888536 /* UserViewModel.swift */ = {isa = PBXFileReference; lastKnownFileType = sourcecode.swift; path = UserViewModel.swift; sourceTree = "<group>"; };
		1049B77A2B7A591F00888536 /* AuthentificationMode.swift */ = {isa = PBXFileReference; lastKnownFileType = sourcecode.swift; path = AuthentificationMode.swift; sourceTree = "<group>"; };
		1049B77D2B7A5AEA00888536 /* PrimaryButton.swift */ = {isa = PBXFileReference; lastKnownFileType = sourcecode.swift; path = PrimaryButton.swift; sourceTree = "<group>"; };
		1049B77F2B7A5B8D00888536 /* TextButton.swift */ = {isa = PBXFileReference; lastKnownFileType = sourcecode.swift; path = TextButton.swift; sourceTree = "<group>"; };
		104FEC622B7B6A7C001D9B2C /* FireUser.swift */ = {isa = PBXFileReference; lastKnownFileType = sourcecode.swift; path = FireUser.swift; sourceTree = "<group>"; };
		104FEC652B7B6AD4001D9B2C /* FirebaseManager.swift */ = {isa = PBXFileReference; lastKnownFileType = sourcecode.swift; path = FirebaseManager.swift; sourceTree = "<group>"; };
		104FEC672B7B73C1001D9B2C /* GoogleService-Info.plist */ = {isa = PBXFileReference; fileEncoding = 4; lastKnownFileType = text.plist.xml; name = "GoogleService-Info.plist"; path = "../../../../Downloads/GoogleService-Info.plist"; sourceTree = "<group>"; };
		105F93B22B4C39C000C7C0E6 /* SignInView.swift */ = {isa = PBXFileReference; lastKnownFileType = sourcecode.swift; path = SignInView.swift; sourceTree = "<group>"; };
		105F93B42B4C41DB00C7C0E6 /* SignUpView.swift */ = {isa = PBXFileReference; lastKnownFileType = sourcecode.swift; path = SignUpView.swift; sourceTree = "<group>"; };
		10B130E62B556526005E587B /* Enums.swift */ = {isa = PBXFileReference; lastKnownFileType = sourcecode.swift; path = Enums.swift; sourceTree = "<group>"; };
		10B130E82B557458005E587B /* CategoryViewModel.swift */ = {isa = PBXFileReference; lastKnownFileType = sourcecode.swift; path = CategoryViewModel.swift; sourceTree = "<group>"; };
		10CAA4352B4EC4BB00295A31 /* CategoryCardView.swift */ = {isa = PBXFileReference; lastKnownFileType = sourcecode.swift; path = CategoryCardView.swift; sourceTree = "<group>"; };
		10CAA4372B4EC86800295A31 /* CategoryListViewModel.swift */ = {isa = PBXFileReference; lastKnownFileType = sourcecode.swift; path = CategoryListViewModel.swift; sourceTree = "<group>"; };
		10CAA4392B4EC8CF00295A31 /* Category.swift */ = {isa = PBXFileReference; lastKnownFileType = sourcecode.swift; path = Category.swift; sourceTree = "<group>"; };
		10DF8C492B7E14D400D15A8E /* SettingView.swift */ = {isa = PBXFileReference; lastKnownFileType = sourcecode.swift; path = SettingView.swift; sourceTree = "<group>"; };
/* End PBXFileReference section */

/* Begin PBXFrameworksBuildPhase section */
		10298BB52B46E49900AD2174 /* Frameworks */ = {
			isa = PBXFrameworksBuildPhase;
			buildActionMask = 2147483647;
			files = (
				1049B7552B7A579E00888536 /* FirebaseDatabase in Frameworks */,
				1049B7632B7A579E00888536 /* FirebaseFunctionsCombine-Community in Frameworks */,
				1049B75B2B7A579E00888536 /* FirebaseFirestore in Frameworks */,
				1049B7472B7A579E00888536 /* FirebaseAnalyticsSwift in Frameworks */,
				1049B7432B7A579E00888536 /* FirebaseAnalytics in Frameworks */,
				1049B7452B7A579E00888536 /* FirebaseAnalyticsOnDeviceConversion in Frameworks */,
				1049B76B2B7A579E00888536 /* FirebaseMLModelDownloader in Frameworks */,
				1049B75F2B7A579E00888536 /* FirebaseFirestoreSwift in Frameworks */,
				1049B74B2B7A579E00888536 /* FirebaseAppCheck in Frameworks */,
				1049B7492B7A579E00888536 /* FirebaseAnalyticsWithoutAdIdSupport in Frameworks */,
				1049B74F2B7A579E00888536 /* FirebaseAuth in Frameworks */,
				1049B7532B7A579E00888536 /* FirebaseCrashlytics in Frameworks */,
				1049B7732B7A579E00888536 /* FirebaseRemoteConfigSwift in Frameworks */,
				1049B7652B7A579E00888536 /* FirebaseInAppMessaging-Beta in Frameworks */,
				1049B7572B7A579E00888536 /* FirebaseDatabaseSwift in Frameworks */,
				1049B7612B7A579E00888536 /* FirebaseFunctions in Frameworks */,
				1049B7772B7A579E00888536 /* FirebaseStorageCombine-Community in Frameworks */,
				1049B7712B7A579E00888536 /* FirebaseRemoteConfig in Frameworks */,
				1049B74D2B7A579E00888536 /* FirebaseAppDistribution-Beta in Frameworks */,
				1049B7512B7A579E00888536 /* FirebaseAuthCombine-Community in Frameworks */,
				1049B76F2B7A579E00888536 /* FirebasePerformance in Frameworks */,
				1049B7672B7A579E00888536 /* FirebaseInAppMessagingSwift-Beta in Frameworks */,
				1049B7752B7A579E00888536 /* FirebaseStorage in Frameworks */,
				1049B7592B7A579E00888536 /* FirebaseDynamicLinks in Frameworks */,
				1049B75D2B7A579E00888536 /* FirebaseFirestoreCombine-Community in Frameworks */,
				1049B76D2B7A579E00888536 /* FirebaseMessaging in Frameworks */,
				1049B7692B7A579E00888536 /* FirebaseInstallations in Frameworks */,
			);
			runOnlyForDeploymentPostprocessing = 0;
		};
		10298BC52B46E49A00AD2174 /* Frameworks */ = {
			isa = PBXFrameworksBuildPhase;
			buildActionMask = 2147483647;
			files = (
			);
			runOnlyForDeploymentPostprocessing = 0;
		};
		10298BCF2B46E49A00AD2174 /* Frameworks */ = {
			isa = PBXFrameworksBuildPhase;
			buildActionMask = 2147483647;
			files = (
			);
			runOnlyForDeploymentPostprocessing = 0;
		};
/* End PBXFrameworksBuildPhase section */

/* Begin PBXGroup section */
		100B52AD2B4D75FF00B97941 /* Enums */ = {
			isa = PBXGroup;
			children = (
				100B52AE2B4D761300B97941 /* TabItem.swift */,
			);
			path = Enums;
			sourceTree = "<group>";
		};
		101B57792B5FE3030068E23C /* QuizView */ = {
			isa = PBXGroup;
			children = (
				101B577A2B5FE31B0068E23C /* QuizView.swift */,
				101B577C2B5FE7400068E23C /* ProgressBar.swift */,
				101EC4B42B6149B700AAE1FD /* AnswerButtonRight.swift */,
				101EC4B62B61525100AAE1FD /* AnswerButton.swift */,
				103A23A42B7112F100ED9725 /* GameEditView.swift */,
			);
			path = QuizView;
			sourceTree = "<group>";
		};
		10298BAF2B46E49900AD2174 = {
			isa = PBXGroup;
			children = (
				10298BBA2B46E49900AD2174 /* QuizApp */,
				10298BCB2B46E49A00AD2174 /* QuizAppTests */,
				10298BD52B46E49A00AD2174 /* QuizAppUITests */,
				10298BB92B46E49900AD2174 /* Products */,
			);
			sourceTree = "<group>";
		};
		10298BB92B46E49900AD2174 /* Products */ = {
			isa = PBXGroup;
			children = (
				10298BB82B46E49900AD2174 /* QuizApp.app */,
				10298BC82B46E49A00AD2174 /* QuizAppTests.xctest */,
				10298BD22B46E49A00AD2174 /* QuizAppUITests.xctest */,
			);
			name = Products;
			sourceTree = "<group>";
		};
		10298BBA2B46E49900AD2174 /* QuizApp */ = {
			isa = PBXGroup;
			children = (
				104FEC642B7B6AB3001D9B2C /* Managers */,
				100B52AD2B4D75FF00B97941 /* Enums */,
				105F93B12B4C25C500C7C0E6 /* ViewModels */,
				105F93B02B4C25BF00C7C0E6 /* Views */,
				105F93AF2B4C25B600C7C0E6 /* Models */,
				10298BBB2B46E49900AD2174 /* QuizApp.swift */,
				10298BBF2B46E49A00AD2174 /* Assets.xcassets */,
				104FEC672B7B73C1001D9B2C /* GoogleService-Info.plist */,
				10298BC12B46E49A00AD2174 /* Preview Content */,
			);
			path = QuizApp;
			sourceTree = "<group>";
		};
		10298BC12B46E49A00AD2174 /* Preview Content */ = {
			isa = PBXGroup;
			children = (
				10298BC22B46E49A00AD2174 /* Preview Assets.xcassets */,
			);
			path = "Preview Content";
			sourceTree = "<group>";
		};
		10298BCB2B46E49A00AD2174 /* QuizAppTests */ = {
			isa = PBXGroup;
			children = (
				10298BCC2B46E49A00AD2174 /* QuizAppTests.swift */,
			);
			path = QuizAppTests;
			sourceTree = "<group>";
		};
		10298BD52B46E49A00AD2174 /* QuizAppUITests */ = {
			isa = PBXGroup;
			children = (
				10298BD62B46E49A00AD2174 /* QuizAppUITests.swift */,
				10298BD82B46E49A00AD2174 /* QuizAppUITestsLaunchTests.swift */,
			);
			path = QuizAppUITests;
			sourceTree = "<group>";
		};
		102F09A92B62A0D600FE647D /* CategoryViewModels */ = {
			isa = PBXGroup;
			children = (
				10B130E82B557458005E587B /* CategoryViewModel.swift */,
				10CAA4372B4EC86800295A31 /* CategoryListViewModel.swift */,
			);
			path = CategoryViewModels;
			sourceTree = "<group>";
		};
		102F09AA2B62A0ED00FE647D /* QuestionViewModels */ = {
			isa = PBXGroup;
			children = (
				102F09AB2B62A1AB00FE647D /* QuestionListViewModel.swift */,
			);
			path = QuestionViewModels;
			sourceTree = "<group>";
		};
		102F09AF2B62A60B00FE647D /* ResultView */ = {
			isa = PBXGroup;
			children = (
				102F09B12B62A65200FE647D /* ResultView.swift */,
				102F09B32B62A7D600FE647D /* CircleProgressbar.swift */,
			);
			path = ResultView;
			sourceTree = "<group>";
		};
		102F09B02B62A62000FE647D /* Onboarding */ = {
			isa = PBXGroup;
			children = (
				1049B7782B7A58F600888536 /* Authentification */,
				100B52B42B4D793B00B97941 /* FirstView.swift */,
				105F93B22B4C39C000C7C0E6 /* SignInView.swift */,
				105F93B42B4C41DB00C7C0E6 /* SignUpView.swift */,
			);
			path = Onboarding;
			sourceTree = "<group>";
		};
		1049B7782B7A58F600888536 /* Authentification */ = {
			isa = PBXGroup;
			children = (
				1049B77C2B7A5AD200888536 /* Components */,
				1049B7792B7A590600888536 /* Enums */,
			);
			path = Authentification;
			sourceTree = "<group>";
		};
		1049B7792B7A590600888536 /* Enums */ = {
			isa = PBXGroup;
			children = (
				1049B77A2B7A591F00888536 /* AuthentificationMode.swift */,
			);
			path = Enums;
			sourceTree = "<group>";
		};
		1049B77C2B7A5AD200888536 /* Components */ = {
			isa = PBXGroup;
			children = (
				1049B77D2B7A5AEA00888536 /* PrimaryButton.swift */,
				1049B77F2B7A5B8D00888536 /* TextButton.swift */,
			);
			path = Components;
			sourceTree = "<group>";
		};
		104FEC642B7B6AB3001D9B2C /* Managers */ = {
			isa = PBXGroup;
			children = (
				104FEC652B7B6AD4001D9B2C /* FirebaseManager.swift */,
			);
			path = Managers;
			sourceTree = "<group>";
		};
		105F93AF2B4C25B600C7C0E6 /* Models */ = {
			isa = PBXGroup;
			children = (
				10CAA4392B4EC8CF00295A31 /* Category.swift */,
				101EC4B22B613EA000AAE1FD /* Question.swift */,
				100493C32B6928C8006AF4E0 /* Token.swift */,
				104FEC622B7B6A7C001D9B2C /* FireUser.swift */,
			);
			path = Models;
			sourceTree = "<group>";
		};
		105F93B02B4C25BF00C7C0E6 /* Views */ = {
			isa = PBXGroup;
			children = (
				10DF8C482B7E145E00D15A8E /* Settings */,
				102F09B02B62A62000FE647D /* Onboarding */,
				102F09AF2B62A60B00FE647D /* ResultView */,
				101B57792B5FE3030068E23C /* QuizView */,
				10CAA4342B4EC49E00295A31 /* HomeView */,
				10298BBD2B46E49900AD2174 /* ContentView.swift */,
				1019E1EA2B6A9B3F00DF6C0A /* WrapperQuizView.swift */,
				100B52B22B4D788E00B97941 /* BoardView.swift */,
			);
			path = Views;
			sourceTree = "<group>";
		};
		105F93B12B4C25C500C7C0E6 /* ViewModels */ = {
			isa = PBXGroup;
			children = (
				102F09AA2B62A0ED00FE647D /* QuestionViewModels */,
				102F09A92B62A0D600FE647D /* CategoryViewModels */,
				10B130E62B556526005E587B /* Enums.swift */,
				1049B73D2B7A525400888536 /* UserViewModel.swift */,
			);
			path = ViewModels;
			sourceTree = "<group>";
		};
		10CAA4342B4EC49E00295A31 /* HomeView */ = {
			isa = PBXGroup;
			children = (
				100B52AB2B4D757E00B97941 /* HomeView.swift */,
				10CAA4352B4EC4BB00295A31 /* CategoryCardView.swift */,
			);
			path = HomeView;
			sourceTree = "<group>";
		};
		10DF8C482B7E145E00D15A8E /* Settings */ = {
			isa = PBXGroup;
			children = (
				100B52B02B4D788400B97941 /* SettingsSheet.swift */,
				10DF8C492B7E14D400D15A8E /* SettingView.swift */,
			);
			path = Settings;
			sourceTree = "<group>";
		};
/* End PBXGroup section */

/* Begin PBXNativeTarget section */
		10298BB72B46E49900AD2174 /* QuizApp */ = {
			isa = PBXNativeTarget;
			buildConfigurationList = 10298BDC2B46E49A00AD2174 /* Build configuration list for PBXNativeTarget "QuizApp" */;
			buildPhases = (
				10298BB42B46E49900AD2174 /* Sources */,
				10298BB52B46E49900AD2174 /* Frameworks */,
				10298BB62B46E49900AD2174 /* Resources */,
			);
			buildRules = (
			);
			dependencies = (
			);
			name = QuizApp;
			packageProductDependencies = (
				1049B7422B7A579E00888536 /* FirebaseAnalytics */,
				1049B7442B7A579E00888536 /* FirebaseAnalyticsOnDeviceConversion */,
				1049B7462B7A579E00888536 /* FirebaseAnalyticsSwift */,
				1049B7482B7A579E00888536 /* FirebaseAnalyticsWithoutAdIdSupport */,
				1049B74A2B7A579E00888536 /* FirebaseAppCheck */,
				1049B74C2B7A579E00888536 /* FirebaseAppDistribution-Beta */,
				1049B74E2B7A579E00888536 /* FirebaseAuth */,
				1049B7502B7A579E00888536 /* FirebaseAuthCombine-Community */,
				1049B7522B7A579E00888536 /* FirebaseCrashlytics */,
				1049B7542B7A579E00888536 /* FirebaseDatabase */,
				1049B7562B7A579E00888536 /* FirebaseDatabaseSwift */,
				1049B7582B7A579E00888536 /* FirebaseDynamicLinks */,
				1049B75A2B7A579E00888536 /* FirebaseFirestore */,
				1049B75C2B7A579E00888536 /* FirebaseFirestoreCombine-Community */,
				1049B75E2B7A579E00888536 /* FirebaseFirestoreSwift */,
				1049B7602B7A579E00888536 /* FirebaseFunctions */,
				1049B7622B7A579E00888536 /* FirebaseFunctionsCombine-Community */,
				1049B7642B7A579E00888536 /* FirebaseInAppMessaging-Beta */,
				1049B7662B7A579E00888536 /* FirebaseInAppMessagingSwift-Beta */,
				1049B7682B7A579E00888536 /* FirebaseInstallations */,
				1049B76A2B7A579E00888536 /* FirebaseMLModelDownloader */,
				1049B76C2B7A579E00888536 /* FirebaseMessaging */,
				1049B76E2B7A579E00888536 /* FirebasePerformance */,
				1049B7702B7A579E00888536 /* FirebaseRemoteConfig */,
				1049B7722B7A579E00888536 /* FirebaseRemoteConfigSwift */,
				1049B7742B7A579E00888536 /* FirebaseStorage */,
				1049B7762B7A579E00888536 /* FirebaseStorageCombine-Community */,
			);
			productName = QuizApp;
			productReference = 10298BB82B46E49900AD2174 /* QuizApp.app */;
			productType = "com.apple.product-type.application";
		};
		10298BC72B46E49A00AD2174 /* QuizAppTests */ = {
			isa = PBXNativeTarget;
			buildConfigurationList = 10298BDF2B46E49A00AD2174 /* Build configuration list for PBXNativeTarget "QuizAppTests" */;
			buildPhases = (
				10298BC42B46E49A00AD2174 /* Sources */,
				10298BC52B46E49A00AD2174 /* Frameworks */,
				10298BC62B46E49A00AD2174 /* Resources */,
			);
			buildRules = (
			);
			dependencies = (
				10298BCA2B46E49A00AD2174 /* PBXTargetDependency */,
			);
			name = QuizAppTests;
			productName = QuizAppTests;
			productReference = 10298BC82B46E49A00AD2174 /* QuizAppTests.xctest */;
			productType = "com.apple.product-type.bundle.unit-test";
		};
		10298BD12B46E49A00AD2174 /* QuizAppUITests */ = {
			isa = PBXNativeTarget;
			buildConfigurationList = 10298BE22B46E49A00AD2174 /* Build configuration list for PBXNativeTarget "QuizAppUITests" */;
			buildPhases = (
				10298BCE2B46E49A00AD2174 /* Sources */,
				10298BCF2B46E49A00AD2174 /* Frameworks */,
				10298BD02B46E49A00AD2174 /* Resources */,
			);
			buildRules = (
			);
			dependencies = (
				10298BD42B46E49A00AD2174 /* PBXTargetDependency */,
			);
			name = QuizAppUITests;
			productName = QuizAppUITests;
			productReference = 10298BD22B46E49A00AD2174 /* QuizAppUITests.xctest */;
			productType = "com.apple.product-type.bundle.ui-testing";
		};
/* End PBXNativeTarget section */

/* Begin PBXProject section */
		10298BB02B46E49900AD2174 /* Project object */ = {
			isa = PBXProject;
			attributes = {
				BuildIndependentTargetsInParallel = 1;
				LastSwiftUpdateCheck = 1500;
				LastUpgradeCheck = 1500;
				TargetAttributes = {
					10298BB72B46E49900AD2174 = {
						CreatedOnToolsVersion = 15.0.1;
					};
					10298BC72B46E49A00AD2174 = {
						CreatedOnToolsVersion = 15.0.1;
						TestTargetID = 10298BB72B46E49900AD2174;
					};
					10298BD12B46E49A00AD2174 = {
						CreatedOnToolsVersion = 15.0.1;
						TestTargetID = 10298BB72B46E49900AD2174;
					};
				};
			};
			buildConfigurationList = 10298BB32B46E49900AD2174 /* Build configuration list for PBXProject "QuizApp" */;
			compatibilityVersion = "Xcode 14.0";
			developmentRegion = en;
			hasScannedForEncodings = 0;
			knownRegions = (
				en,
				Base,
			);
			mainGroup = 10298BAF2B46E49900AD2174;
			packageReferences = (
				1049B73F2B7A55B300888536 /* XCRemoteSwiftPackageReference "firebase-ios-sdk" */,
			);
			productRefGroup = 10298BB92B46E49900AD2174 /* Products */;
			projectDirPath = "";
			projectRoot = "";
			targets = (
				10298BB72B46E49900AD2174 /* QuizApp */,
				10298BC72B46E49A00AD2174 /* QuizAppTests */,
				10298BD12B46E49A00AD2174 /* QuizAppUITests */,
			);
		};
/* End PBXProject section */

/* Begin PBXResourcesBuildPhase section */
		10298BB62B46E49900AD2174 /* Resources */ = {
			isa = PBXResourcesBuildPhase;
			buildActionMask = 2147483647;
			files = (
				10298BC32B46E49A00AD2174 /* Preview Assets.xcassets in Resources */,
				10298BC02B46E49A00AD2174 /* Assets.xcassets in Resources */,
				104FEC682B7B73C1001D9B2C /* GoogleService-Info.plist in Resources */,
			);
			runOnlyForDeploymentPostprocessing = 0;
		};
		10298BC62B46E49A00AD2174 /* Resources */ = {
			isa = PBXResourcesBuildPhase;
			buildActionMask = 2147483647;
			files = (
			);
			runOnlyForDeploymentPostprocessing = 0;
		};
		10298BD02B46E49A00AD2174 /* Resources */ = {
			isa = PBXResourcesBuildPhase;
			buildActionMask = 2147483647;
			files = (
			);
			runOnlyForDeploymentPostprocessing = 0;
		};
/* End PBXResourcesBuildPhase section */

/* Begin PBXSourcesBuildPhase section */
		10298BB42B46E49900AD2174 /* Sources */ = {
			isa = PBXSourcesBuildPhase;
			buildActionMask = 2147483647;
			files = (
				10B130E92B557458005E587B /* CategoryViewModel.swift in Sources */,
				100B52B12B4D788400B97941 /* SettingsSheet.swift in Sources */,
				101B577B2B5FE31B0068E23C /* QuizView.swift in Sources */,
				105F93B52B4C41DB00C7C0E6 /* SignUpView.swift in Sources */,
				1049B77B2B7A591F00888536 /* AuthentificationMode.swift in Sources */,
				10DF8C4A2B7E14D400D15A8E /* SettingView.swift in Sources */,
				103A23A52B7112F100ED9725 /* GameEditView.swift in Sources */,
				101EC4B72B61525100AAE1FD /* AnswerButton.swift in Sources */,
				1019E1EB2B6A9B3F00DF6C0A /* WrapperQuizView.swift in Sources */,
				10CAA4362B4EC4BB00295A31 /* CategoryCardView.swift in Sources */,
				104FEC662B7B6AD4001D9B2C /* FirebaseManager.swift in Sources */,
				101EC4B52B6149B700AAE1FD /* AnswerButtonRight.swift in Sources */,
				1049B73E2B7A525400888536 /* UserViewModel.swift in Sources */,
				10CAA4382B4EC86800295A31 /* CategoryListViewModel.swift in Sources */,
				101B577D2B5FE7400068E23C /* ProgressBar.swift in Sources */,
				10298BBE2B46E49900AD2174 /* ContentView.swift in Sources */,
				100B52AF2B4D761300B97941 /* TabItem.swift in Sources */,
				105F93B32B4C39C000C7C0E6 /* SignInView.swift in Sources */,
				102F09B22B62A65200FE647D /* ResultView.swift in Sources */,
				1049B7802B7A5B8D00888536 /* TextButton.swift in Sources */,
				10B130E72B556526005E587B /* Enums.swift in Sources */,
				1049B77E2B7A5AEA00888536 /* PrimaryButton.swift in Sources */,
				100493C42B6928C8006AF4E0 /* Token.swift in Sources */,
				102F09B42B62A7D600FE647D /* CircleProgressbar.swift in Sources */,
				100B52B32B4D788E00B97941 /* BoardView.swift in Sources */,
				102F09AC2B62A1AB00FE647D /* QuestionListViewModel.swift in Sources */,
				101EC4B32B613EA000AAE1FD /* Question.swift in Sources */,
				100B52AC2B4D757E00B97941 /* HomeView.swift in Sources */,
				104FEC632B7B6A7C001D9B2C /* FireUser.swift in Sources */,
				100B52B52B4D793B00B97941 /* FirstView.swift in Sources */,
				10298BBC2B46E49900AD2174 /* QuizApp.swift in Sources */,
				10CAA43A2B4EC8CF00295A31 /* Category.swift in Sources */,
			);
			runOnlyForDeploymentPostprocessing = 0;
		};
		10298BC42B46E49A00AD2174 /* Sources */ = {
			isa = PBXSourcesBuildPhase;
			buildActionMask = 2147483647;
			files = (
				10298BCD2B46E49A00AD2174 /* QuizAppTests.swift in Sources */,
			);
			runOnlyForDeploymentPostprocessing = 0;
		};
		10298BCE2B46E49A00AD2174 /* Sources */ = {
			isa = PBXSourcesBuildPhase;
			buildActionMask = 2147483647;
			files = (
				10298BD72B46E49A00AD2174 /* QuizAppUITests.swift in Sources */,
				10298BD92B46E49A00AD2174 /* QuizAppUITestsLaunchTests.swift in Sources */,
			);
			runOnlyForDeploymentPostprocessing = 0;
		};
/* End PBXSourcesBuildPhase section */

/* Begin PBXTargetDependency section */
		10298BCA2B46E49A00AD2174 /* PBXTargetDependency */ = {
			isa = PBXTargetDependency;
			target = 10298BB72B46E49900AD2174 /* QuizApp */;
			targetProxy = 10298BC92B46E49A00AD2174 /* PBXContainerItemProxy */;
		};
		10298BD42B46E49A00AD2174 /* PBXTargetDependency */ = {
			isa = PBXTargetDependency;
			target = 10298BB72B46E49900AD2174 /* QuizApp */;
			targetProxy = 10298BD32B46E49A00AD2174 /* PBXContainerItemProxy */;
		};
/* End PBXTargetDependency section */

/* Begin XCBuildConfiguration section */
		10298BDA2B46E49A00AD2174 /* Debug */ = {
			isa = XCBuildConfiguration;
			buildSettings = {
				ALWAYS_SEARCH_USER_PATHS = NO;
				ASSETCATALOG_COMPILER_GENERATE_SWIFT_ASSET_SYMBOL_EXTENSIONS = YES;
				CLANG_ANALYZER_NONNULL = YES;
				CLANG_ANALYZER_NUMBER_OBJECT_CONVERSION = YES_AGGRESSIVE;
				CLANG_CXX_LANGUAGE_STANDARD = "gnu++20";
				CLANG_ENABLE_MODULES = YES;
				CLANG_ENABLE_OBJC_ARC = YES;
				CLANG_ENABLE_OBJC_WEAK = YES;
				CLANG_WARN_BLOCK_CAPTURE_AUTORELEASING = YES;
				CLANG_WARN_BOOL_CONVERSION = YES;
				CLANG_WARN_COMMA = YES;
				CLANG_WARN_CONSTANT_CONVERSION = YES;
				CLANG_WARN_DEPRECATED_OBJC_IMPLEMENTATIONS = YES;
				CLANG_WARN_DIRECT_OBJC_ISA_USAGE = YES_ERROR;
				CLANG_WARN_DOCUMENTATION_COMMENTS = YES;
				CLANG_WARN_EMPTY_BODY = YES;
				CLANG_WARN_ENUM_CONVERSION = YES;
				CLANG_WARN_INFINITE_RECURSION = YES;
				CLANG_WARN_INT_CONVERSION = YES;
				CLANG_WARN_NON_LITERAL_NULL_CONVERSION = YES;
				CLANG_WARN_OBJC_IMPLICIT_RETAIN_SELF = YES;
				CLANG_WARN_OBJC_LITERAL_CONVERSION = YES;
				CLANG_WARN_OBJC_ROOT_CLASS = YES_ERROR;
				CLANG_WARN_QUOTED_INCLUDE_IN_FRAMEWORK_HEADER = YES;
				CLANG_WARN_RANGE_LOOP_ANALYSIS = YES;
				CLANG_WARN_STRICT_PROTOTYPES = YES;
				CLANG_WARN_SUSPICIOUS_MOVE = YES;
				CLANG_WARN_UNGUARDED_AVAILABILITY = YES_AGGRESSIVE;
				CLANG_WARN_UNREACHABLE_CODE = YES;
				CLANG_WARN__DUPLICATE_METHOD_MATCH = YES;
				COPY_PHASE_STRIP = NO;
				DEBUG_INFORMATION_FORMAT = dwarf;
				ENABLE_STRICT_OBJC_MSGSEND = YES;
				ENABLE_TESTABILITY = YES;
				ENABLE_USER_SCRIPT_SANDBOXING = YES;
				GCC_C_LANGUAGE_STANDARD = gnu17;
				GCC_DYNAMIC_NO_PIC = NO;
				GCC_NO_COMMON_BLOCKS = YES;
				GCC_OPTIMIZATION_LEVEL = 0;
				GCC_PREPROCESSOR_DEFINITIONS = (
					"DEBUG=1",
					"$(inherited)",
				);
				GCC_WARN_64_TO_32_BIT_CONVERSION = YES;
				GCC_WARN_ABOUT_RETURN_TYPE = YES_ERROR;
				GCC_WARN_UNDECLARED_SELECTOR = YES;
				GCC_WARN_UNINITIALIZED_AUTOS = YES_AGGRESSIVE;
				GCC_WARN_UNUSED_FUNCTION = YES;
				GCC_WARN_UNUSED_VARIABLE = YES;
				IPHONEOS_DEPLOYMENT_TARGET = 17.0;
				LOCALIZATION_PREFERS_STRING_CATALOGS = YES;
				MTL_ENABLE_DEBUG_INFO = INCLUDE_SOURCE;
				MTL_FAST_MATH = YES;
				ONLY_ACTIVE_ARCH = YES;
				SDKROOT = iphoneos;
				SWIFT_ACTIVE_COMPILATION_CONDITIONS = "DEBUG $(inherited)";
				SWIFT_OPTIMIZATION_LEVEL = "-Onone";
			};
			name = Debug;
		};
		10298BDB2B46E49A00AD2174 /* Release */ = {
			isa = XCBuildConfiguration;
			buildSettings = {
				ALWAYS_SEARCH_USER_PATHS = NO;
				ASSETCATALOG_COMPILER_GENERATE_SWIFT_ASSET_SYMBOL_EXTENSIONS = YES;
				CLANG_ANALYZER_NONNULL = YES;
				CLANG_ANALYZER_NUMBER_OBJECT_CONVERSION = YES_AGGRESSIVE;
				CLANG_CXX_LANGUAGE_STANDARD = "gnu++20";
				CLANG_ENABLE_MODULES = YES;
				CLANG_ENABLE_OBJC_ARC = YES;
				CLANG_ENABLE_OBJC_WEAK = YES;
				CLANG_WARN_BLOCK_CAPTURE_AUTORELEASING = YES;
				CLANG_WARN_BOOL_CONVERSION = YES;
				CLANG_WARN_COMMA = YES;
				CLANG_WARN_CONSTANT_CONVERSION = YES;
				CLANG_WARN_DEPRECATED_OBJC_IMPLEMENTATIONS = YES;
				CLANG_WARN_DIRECT_OBJC_ISA_USAGE = YES_ERROR;
				CLANG_WARN_DOCUMENTATION_COMMENTS = YES;
				CLANG_WARN_EMPTY_BODY = YES;
				CLANG_WARN_ENUM_CONVERSION = YES;
				CLANG_WARN_INFINITE_RECURSION = YES;
				CLANG_WARN_INT_CONVERSION = YES;
				CLANG_WARN_NON_LITERAL_NULL_CONVERSION = YES;
				CLANG_WARN_OBJC_IMPLICIT_RETAIN_SELF = YES;
				CLANG_WARN_OBJC_LITERAL_CONVERSION = YES;
				CLANG_WARN_OBJC_ROOT_CLASS = YES_ERROR;
				CLANG_WARN_QUOTED_INCLUDE_IN_FRAMEWORK_HEADER = YES;
				CLANG_WARN_RANGE_LOOP_ANALYSIS = YES;
				CLANG_WARN_STRICT_PROTOTYPES = YES;
				CLANG_WARN_SUSPICIOUS_MOVE = YES;
				CLANG_WARN_UNGUARDED_AVAILABILITY = YES_AGGRESSIVE;
				CLANG_WARN_UNREACHABLE_CODE = YES;
				CLANG_WARN__DUPLICATE_METHOD_MATCH = YES;
				COPY_PHASE_STRIP = NO;
				DEBUG_INFORMATION_FORMAT = "dwarf-with-dsym";
				ENABLE_NS_ASSERTIONS = NO;
				ENABLE_STRICT_OBJC_MSGSEND = YES;
				ENABLE_USER_SCRIPT_SANDBOXING = YES;
				GCC_C_LANGUAGE_STANDARD = gnu17;
				GCC_NO_COMMON_BLOCKS = YES;
				GCC_WARN_64_TO_32_BIT_CONVERSION = YES;
				GCC_WARN_ABOUT_RETURN_TYPE = YES_ERROR;
				GCC_WARN_UNDECLARED_SELECTOR = YES;
				GCC_WARN_UNINITIALIZED_AUTOS = YES_AGGRESSIVE;
				GCC_WARN_UNUSED_FUNCTION = YES;
				GCC_WARN_UNUSED_VARIABLE = YES;
				IPHONEOS_DEPLOYMENT_TARGET = 17.0;
				LOCALIZATION_PREFERS_STRING_CATALOGS = YES;
				MTL_ENABLE_DEBUG_INFO = NO;
				MTL_FAST_MATH = YES;
				SDKROOT = iphoneos;
				SWIFT_COMPILATION_MODE = wholemodule;
				VALIDATE_PRODUCT = YES;
			};
			name = Release;
		};
		10298BDD2B46E49A00AD2174 /* Debug */ = {
			isa = XCBuildConfiguration;
			buildSettings = {
				ASSETCATALOG_COMPILER_APPICON_NAME = AppIcon;
				ASSETCATALOG_COMPILER_GLOBAL_ACCENT_COLOR_NAME = AccentColor;
				CODE_SIGN_STYLE = Automatic;
				CURRENT_PROJECT_VERSION = 1;
				DEVELOPMENT_ASSET_PATHS = "\"QuizApp/Preview Content\"";
				ENABLE_PREVIEWS = YES;
				GENERATE_INFOPLIST_FILE = YES;
				INFOPLIST_KEY_UIApplicationSceneManifest_Generation = YES;
				INFOPLIST_KEY_UIApplicationSupportsIndirectInputEvents = YES;
				INFOPLIST_KEY_UILaunchScreen_Generation = YES;
				INFOPLIST_KEY_UISupportedInterfaceOrientations_iPad = "UIInterfaceOrientationPortrait UIInterfaceOrientationPortraitUpsideDown UIInterfaceOrientationLandscapeLeft UIInterfaceOrientationLandscapeRight";
				INFOPLIST_KEY_UISupportedInterfaceOrientations_iPhone = "UIInterfaceOrientationPortrait UIInterfaceOrientationLandscapeLeft UIInterfaceOrientationLandscapeRight";
				LD_RUNPATH_SEARCH_PATHS = (
					"$(inherited)",
					"@executable_path/Frameworks",
				);
				MARKETING_VERSION = 1.0;
				PRODUCT_BUNDLE_IDENTIFIER = CswMartin.QuizApp;
				PRODUCT_NAME = "$(TARGET_NAME)";
				SWIFT_EMIT_LOC_STRINGS = YES;
				SWIFT_VERSION = 5.0;
				TARGETED_DEVICE_FAMILY = "1,2";
			};
			name = Debug;
		};
		10298BDE2B46E49A00AD2174 /* Release */ = {
			isa = XCBuildConfiguration;
			buildSettings = {
				ASSETCATALOG_COMPILER_APPICON_NAME = AppIcon;
				ASSETCATALOG_COMPILER_GLOBAL_ACCENT_COLOR_NAME = AccentColor;
				CODE_SIGN_STYLE = Automatic;
				CURRENT_PROJECT_VERSION = 1;
				DEVELOPMENT_ASSET_PATHS = "\"QuizApp/Preview Content\"";
				ENABLE_PREVIEWS = YES;
				GENERATE_INFOPLIST_FILE = YES;
				INFOPLIST_KEY_UIApplicationSceneManifest_Generation = YES;
				INFOPLIST_KEY_UIApplicationSupportsIndirectInputEvents = YES;
				INFOPLIST_KEY_UILaunchScreen_Generation = YES;
				INFOPLIST_KEY_UISupportedInterfaceOrientations_iPad = "UIInterfaceOrientationPortrait UIInterfaceOrientationPortraitUpsideDown UIInterfaceOrientationLandscapeLeft UIInterfaceOrientationLandscapeRight";
				INFOPLIST_KEY_UISupportedInterfaceOrientations_iPhone = "UIInterfaceOrientationPortrait UIInterfaceOrientationLandscapeLeft UIInterfaceOrientationLandscapeRight";
				LD_RUNPATH_SEARCH_PATHS = (
					"$(inherited)",
					"@executable_path/Frameworks",
				);
				MARKETING_VERSION = 1.0;
				PRODUCT_BUNDLE_IDENTIFIER = CswMartin.QuizApp;
				PRODUCT_NAME = "$(TARGET_NAME)";
				SWIFT_EMIT_LOC_STRINGS = YES;
				SWIFT_VERSION = 5.0;
				TARGETED_DEVICE_FAMILY = "1,2";
			};
			name = Release;
		};
		10298BE02B46E49A00AD2174 /* Debug */ = {
			isa = XCBuildConfiguration;
			buildSettings = {
				ALWAYS_EMBED_SWIFT_STANDARD_LIBRARIES = YES;
				BUNDLE_LOADER = "$(TEST_HOST)";
				CODE_SIGN_STYLE = Automatic;
				CURRENT_PROJECT_VERSION = 1;
				GENERATE_INFOPLIST_FILE = YES;
				IPHONEOS_DEPLOYMENT_TARGET = 17.0;
				MARKETING_VERSION = 1.0;
				PRODUCT_BUNDLE_IDENTIFIER = CswMartin.QuizAppTests;
				PRODUCT_NAME = "$(TARGET_NAME)";
				SWIFT_EMIT_LOC_STRINGS = NO;
				SWIFT_VERSION = 5.0;
				TARGETED_DEVICE_FAMILY = "1,2";
				TEST_HOST = "$(BUILT_PRODUCTS_DIR)/QuizApp.app/$(BUNDLE_EXECUTABLE_FOLDER_PATH)/QuizApp";
			};
			name = Debug;
		};
		10298BE12B46E49A00AD2174 /* Release */ = {
			isa = XCBuildConfiguration;
			buildSettings = {
				ALWAYS_EMBED_SWIFT_STANDARD_LIBRARIES = YES;
				BUNDLE_LOADER = "$(TEST_HOST)";
				CODE_SIGN_STYLE = Automatic;
				CURRENT_PROJECT_VERSION = 1;
				GENERATE_INFOPLIST_FILE = YES;
				IPHONEOS_DEPLOYMENT_TARGET = 17.0;
				MARKETING_VERSION = 1.0;
				PRODUCT_BUNDLE_IDENTIFIER = CswMartin.QuizAppTests;
				PRODUCT_NAME = "$(TARGET_NAME)";
				SWIFT_EMIT_LOC_STRINGS = NO;
				SWIFT_VERSION = 5.0;
				TARGETED_DEVICE_FAMILY = "1,2";
				TEST_HOST = "$(BUILT_PRODUCTS_DIR)/QuizApp.app/$(BUNDLE_EXECUTABLE_FOLDER_PATH)/QuizApp";
			};
			name = Release;
		};
		10298BE32B46E49A00AD2174 /* Debug */ = {
			isa = XCBuildConfiguration;
			buildSettings = {
				ALWAYS_EMBED_SWIFT_STANDARD_LIBRARIES = YES;
				CODE_SIGN_STYLE = Automatic;
				CURRENT_PROJECT_VERSION = 1;
				GENERATE_INFOPLIST_FILE = YES;
				MARKETING_VERSION = 1.0;
				PRODUCT_BUNDLE_IDENTIFIER = CswMartin.QuizAppUITests;
				PRODUCT_NAME = "$(TARGET_NAME)";
				SWIFT_EMIT_LOC_STRINGS = NO;
				SWIFT_VERSION = 5.0;
				TARGETED_DEVICE_FAMILY = "1,2";
				TEST_TARGET_NAME = QuizApp;
			};
			name = Debug;
		};
		10298BE42B46E49A00AD2174 /* Release */ = {
			isa = XCBuildConfiguration;
			buildSettings = {
				ALWAYS_EMBED_SWIFT_STANDARD_LIBRARIES = YES;
				CODE_SIGN_STYLE = Automatic;
				CURRENT_PROJECT_VERSION = 1;
				GENERATE_INFOPLIST_FILE = YES;
				MARKETING_VERSION = 1.0;
				PRODUCT_BUNDLE_IDENTIFIER = CswMartin.QuizAppUITests;
				PRODUCT_NAME = "$(TARGET_NAME)";
				SWIFT_EMIT_LOC_STRINGS = NO;
				SWIFT_VERSION = 5.0;
				TARGETED_DEVICE_FAMILY = "1,2";
				TEST_TARGET_NAME = QuizApp;
			};
			name = Release;
		};
/* End XCBuildConfiguration section */

/* Begin XCConfigurationList section */
		10298BB32B46E49900AD2174 /* Build configuration list for PBXProject "QuizApp" */ = {
			isa = XCConfigurationList;
			buildConfigurations = (
				10298BDA2B46E49A00AD2174 /* Debug */,
				10298BDB2B46E49A00AD2174 /* Release */,
			);
			defaultConfigurationIsVisible = 0;
			defaultConfigurationName = Release;
		};
		10298BDC2B46E49A00AD2174 /* Build configuration list for PBXNativeTarget "QuizApp" */ = {
			isa = XCConfigurationList;
			buildConfigurations = (
				10298BDD2B46E49A00AD2174 /* Debug */,
				10298BDE2B46E49A00AD2174 /* Release */,
			);
			defaultConfigurationIsVisible = 0;
			defaultConfigurationName = Release;
		};
		10298BDF2B46E49A00AD2174 /* Build configuration list for PBXNativeTarget "QuizAppTests" */ = {
			isa = XCConfigurationList;
			buildConfigurations = (
				10298BE02B46E49A00AD2174 /* Debug */,
				10298BE12B46E49A00AD2174 /* Release */,
			);
			defaultConfigurationIsVisible = 0;
			defaultConfigurationName = Release;
		};
		10298BE22B46E49A00AD2174 /* Build configuration list for PBXNativeTarget "QuizAppUITests" */ = {
			isa = XCConfigurationList;
			buildConfigurations = (
				10298BE32B46E49A00AD2174 /* Debug */,
				10298BE42B46E49A00AD2174 /* Release */,
			);
			defaultConfigurationIsVisible = 0;
			defaultConfigurationName = Release;
		};
/* End XCConfigurationList section */

/* Begin XCRemoteSwiftPackageReference section */
		1049B73F2B7A55B300888536 /* XCRemoteSwiftPackageReference "firebase-ios-sdk" */ = {
			isa = XCRemoteSwiftPackageReference;
			repositoryURL = "https://github.com/firebase/firebase-ios-sdk";
			requirement = {
				kind = upToNextMajorVersion;
				minimumVersion = 10.21.0;
			};
		};
/* End XCRemoteSwiftPackageReference section */

/* Begin XCSwiftPackageProductDependency section */
		1049B7422B7A579E00888536 /* FirebaseAnalytics */ = {
			isa = XCSwiftPackageProductDependency;
			package = 1049B73F2B7A55B300888536 /* XCRemoteSwiftPackageReference "firebase-ios-sdk" */;
			productName = FirebaseAnalytics;
		};
		1049B7442B7A579E00888536 /* FirebaseAnalyticsOnDeviceConversion */ = {
			isa = XCSwiftPackageProductDependency;
			package = 1049B73F2B7A55B300888536 /* XCRemoteSwiftPackageReference "firebase-ios-sdk" */;
			productName = FirebaseAnalyticsOnDeviceConversion;
		};
		1049B7462B7A579E00888536 /* FirebaseAnalyticsSwift */ = {
			isa = XCSwiftPackageProductDependency;
			package = 1049B73F2B7A55B300888536 /* XCRemoteSwiftPackageReference "firebase-ios-sdk" */;
			productName = FirebaseAnalyticsSwift;
		};
		1049B7482B7A579E00888536 /* FirebaseAnalyticsWithoutAdIdSupport */ = {
			isa = XCSwiftPackageProductDependency;
			package = 1049B73F2B7A55B300888536 /* XCRemoteSwiftPackageReference "firebase-ios-sdk" */;
			productName = FirebaseAnalyticsWithoutAdIdSupport;
		};
		1049B74A2B7A579E00888536 /* FirebaseAppCheck */ = {
			isa = XCSwiftPackageProductDependency;
			package = 1049B73F2B7A55B300888536 /* XCRemoteSwiftPackageReference "firebase-ios-sdk" */;
			productName = FirebaseAppCheck;
		};
		1049B74C2B7A579E00888536 /* FirebaseAppDistribution-Beta */ = {
			isa = XCSwiftPackageProductDependency;
			package = 1049B73F2B7A55B300888536 /* XCRemoteSwiftPackageReference "firebase-ios-sdk" */;
			productName = "FirebaseAppDistribution-Beta";
		};
		1049B74E2B7A579E00888536 /* FirebaseAuth */ = {
			isa = XCSwiftPackageProductDependency;
			package = 1049B73F2B7A55B300888536 /* XCRemoteSwiftPackageReference "firebase-ios-sdk" */;
			productName = FirebaseAuth;
		};
		1049B7502B7A579E00888536 /* FirebaseAuthCombine-Community */ = {
			isa = XCSwiftPackageProductDependency;
			package = 1049B73F2B7A55B300888536 /* XCRemoteSwiftPackageReference "firebase-ios-sdk" */;
			productName = "FirebaseAuthCombine-Community";
		};
		1049B7522B7A579E00888536 /* FirebaseCrashlytics */ = {
			isa = XCSwiftPackageProductDependency;
			package = 1049B73F2B7A55B300888536 /* XCRemoteSwiftPackageReference "firebase-ios-sdk" */;
			productName = FirebaseCrashlytics;
		};
		1049B7542B7A579E00888536 /* FirebaseDatabase */ = {
			isa = XCSwiftPackageProductDependency;
			package = 1049B73F2B7A55B300888536 /* XCRemoteSwiftPackageReference "firebase-ios-sdk" */;
			productName = FirebaseDatabase;
		};
		1049B7562B7A579E00888536 /* FirebaseDatabaseSwift */ = {
			isa = XCSwiftPackageProductDependency;
			package = 1049B73F2B7A55B300888536 /* XCRemoteSwiftPackageReference "firebase-ios-sdk" */;
			productName = FirebaseDatabaseSwift;
		};
		1049B7582B7A579E00888536 /* FirebaseDynamicLinks */ = {
			isa = XCSwiftPackageProductDependency;
			package = 1049B73F2B7A55B300888536 /* XCRemoteSwiftPackageReference "firebase-ios-sdk" */;
			productName = FirebaseDynamicLinks;
		};
		1049B75A2B7A579E00888536 /* FirebaseFirestore */ = {
			isa = XCSwiftPackageProductDependency;
			package = 1049B73F2B7A55B300888536 /* XCRemoteSwiftPackageReference "firebase-ios-sdk" */;
			productName = FirebaseFirestore;
		};
		1049B75C2B7A579E00888536 /* FirebaseFirestoreCombine-Community */ = {
			isa = XCSwiftPackageProductDependency;
			package = 1049B73F2B7A55B300888536 /* XCRemoteSwiftPackageReference "firebase-ios-sdk" */;
			productName = "FirebaseFirestoreCombine-Community";
		};
		1049B75E2B7A579E00888536 /* FirebaseFirestoreSwift */ = {
			isa = XCSwiftPackageProductDependency;
			package = 1049B73F2B7A55B300888536 /* XCRemoteSwiftPackageReference "firebase-ios-sdk" */;
			productName = FirebaseFirestoreSwift;
		};
		1049B7602B7A579E00888536 /* FirebaseFunctions */ = {
			isa = XCSwiftPackageProductDependency;
			package = 1049B73F2B7A55B300888536 /* XCRemoteSwiftPackageReference "firebase-ios-sdk" */;
			productName = FirebaseFunctions;
		};
		1049B7622B7A579E00888536 /* FirebaseFunctionsCombine-Community */ = {
			isa = XCSwiftPackageProductDependency;
			package = 1049B73F2B7A55B300888536 /* XCRemoteSwiftPackageReference "firebase-ios-sdk" */;
			productName = "FirebaseFunctionsCombine-Community";
		};
		1049B7642B7A579E00888536 /* FirebaseInAppMessaging-Beta */ = {
			isa = XCSwiftPackageProductDependency;
			package = 1049B73F2B7A55B300888536 /* XCRemoteSwiftPackageReference "firebase-ios-sdk" */;
			productName = "FirebaseInAppMessaging-Beta";
		};
		1049B7662B7A579E00888536 /* FirebaseInAppMessagingSwift-Beta */ = {
			isa = XCSwiftPackageProductDependency;
			package = 1049B73F2B7A55B300888536 /* XCRemoteSwiftPackageReference "firebase-ios-sdk" */;
			productName = "FirebaseInAppMessagingSwift-Beta";
		};
		1049B7682B7A579E00888536 /* FirebaseInstallations */ = {
			isa = XCSwiftPackageProductDependency;
			package = 1049B73F2B7A55B300888536 /* XCRemoteSwiftPackageReference "firebase-ios-sdk" */;
			productName = FirebaseInstallations;
		};
		1049B76A2B7A579E00888536 /* FirebaseMLModelDownloader */ = {
			isa = XCSwiftPackageProductDependency;
			package = 1049B73F2B7A55B300888536 /* XCRemoteSwiftPackageReference "firebase-ios-sdk" */;
			productName = FirebaseMLModelDownloader;
		};
		1049B76C2B7A579E00888536 /* FirebaseMessaging */ = {
			isa = XCSwiftPackageProductDependency;
			package = 1049B73F2B7A55B300888536 /* XCRemoteSwiftPackageReference "firebase-ios-sdk" */;
			productName = FirebaseMessaging;
		};
		1049B76E2B7A579E00888536 /* FirebasePerformance */ = {
			isa = XCSwiftPackageProductDependency;
			package = 1049B73F2B7A55B300888536 /* XCRemoteSwiftPackageReference "firebase-ios-sdk" */;
			productName = FirebasePerformance;
		};
		1049B7702B7A579E00888536 /* FirebaseRemoteConfig */ = {
			isa = XCSwiftPackageProductDependency;
			package = 1049B73F2B7A55B300888536 /* XCRemoteSwiftPackageReference "firebase-ios-sdk" */;
			productName = FirebaseRemoteConfig;
		};
		1049B7722B7A579E00888536 /* FirebaseRemoteConfigSwift */ = {
			isa = XCSwiftPackageProductDependency;
			package = 1049B73F2B7A55B300888536 /* XCRemoteSwiftPackageReference "firebase-ios-sdk" */;
			productName = FirebaseRemoteConfigSwift;
		};
		1049B7742B7A579E00888536 /* FirebaseStorage */ = {
			isa = XCSwiftPackageProductDependency;
			package = 1049B73F2B7A55B300888536 /* XCRemoteSwiftPackageReference "firebase-ios-sdk" */;
			productName = FirebaseStorage;
		};
		1049B7762B7A579E00888536 /* FirebaseStorageCombine-Community */ = {
			isa = XCSwiftPackageProductDependency;
			package = 1049B73F2B7A55B300888536 /* XCRemoteSwiftPackageReference "firebase-ios-sdk" */;
			productName = "FirebaseStorageCombine-Community";
		};
/* End XCSwiftPackageProductDependency section */
	};
	rootObject = 10298BB02B46E49900AD2174 /* Project object */;
}
